# This file is automatically @generated by Wally.
# It is not intended for manual editing.
registry = "test"

[[package]]
name = "boatbomber/highlighter"
version = "0.9.0"
dependencies = []

[[package]]
name = "dervexhero/advancedsignal"
version = "1.0.1"
dependencies = []

[[package]]
name = "dervexhero/fusion-03-dev"
version = "0.3.0-dev.1"
dependencies = []

[[package]]
name = "evaera/promise"
version = "4.0.0"
dependencies = []

[[package]]
name = "lukadev-0/typed-promise"
version = "4.0.2"
dependencies = [["Promise", "evaera/promise@4.0.0"]]

[[package]]
name = "wsync/plugin"
version = "0.1.0"
dependencies = [["Fusion", "dervexhero/fusion-03-dev@0.3.0-dev.1"], ["Highlighter", "boatbomber/highlighter@0.9.0"], ["Promise", "lukadev-0/typed-promise@4.0.2"], ["Signal", "dervexhero/advancedsignal@1.0.1"]]
